// !$*UTF8*$!
{
	archiveVersion = 1;
	classes = {
	};
	objectVersion = 56;
	objects = {

/* Begin PBXBuildFile section */
		C43FB5CB2AF778470016B242 /* AppDelegate.swift in Sources */ = {isa = PBXBuildFile; fileRef = C43FB5CA2AF778470016B242 /* AppDelegate.swift */; };
		C43FB5CD2AF778470016B242 /* SceneDelegate.swift in Sources */ = {isa = PBXBuildFile; fileRef = C43FB5CC2AF778470016B242 /* SceneDelegate.swift */; };
		C43FB5D42AF778480016B242 /* Assets.xcassets in Resources */ = {isa = PBXBuildFile; fileRef = C43FB5D32AF778480016B242 /* Assets.xcassets */; };
		C43FB5D72AF778480016B242 /* LaunchScreen.storyboard in Resources */ = {isa = PBXBuildFile; fileRef = C43FB5D52AF778480016B242 /* LaunchScreen.storyboard */; };
		C43FB5DF2AF7F4670016B242 /* LoginViewController.swift in Sources */ = {isa = PBXBuildFile; fileRef = C43FB5DE2AF7F4670016B242 /* LoginViewController.swift */; };
		C43FB5E12AF7FCE80016B242 /* NoteListViewController.swift in Sources */ = {isa = PBXBuildFile; fileRef = C43FB5E02AF7FCE80016B242 /* NoteListViewController.swift */; };
		C43FB5E32AF808BD0016B242 /* AddNoteViewController.swift in Sources */ = {isa = PBXBuildFile; fileRef = C43FB5E22AF808BD0016B242 /* AddNoteViewController.swift */; };
		C43FB5E52AF808CF0016B242 /* NoteDetailsViewController.swift in Sources */ = {isa = PBXBuildFile; fileRef = C43FB5E42AF808CF0016B242 /* NoteDetailsViewController.swift */; };
		C43FB5EA2AF80A7B0016B242 /* NoteModel.swift in Sources */ = {isa = PBXBuildFile; fileRef = C43FB5E92AF80A7B0016B242 /* NoteModel.swift */; };
		C43FB5EC2AF81FB90016B242 /* NoteCellTableViewCell.swift in Sources */ = {isa = PBXBuildFile; fileRef = C43FB5EB2AF81FB90016B242 /* NoteCellTableViewCell.swift */; };
/* End PBXBuildFile section */

/* Begin PBXFileReference section */
		C43FB5C72AF778470016B242 /* DataPersistance.app */ = {isa = PBXFileReference; explicitFileType = wrapper.application; includeInIndex = 0; path = DataPersistance.app; sourceTree = BUILT_PRODUCTS_DIR; };
		C43FB5CA2AF778470016B242 /* AppDelegate.swift */ = {isa = PBXFileReference; lastKnownFileType = sourcecode.swift; path = AppDelegate.swift; sourceTree = "<group>"; };
		C43FB5CC2AF778470016B242 /* SceneDelegate.swift */ = {isa = PBXFileReference; lastKnownFileType = sourcecode.swift; path = SceneDelegate.swift; sourceTree = "<group>"; };
		C43FB5D32AF778480016B242 /* Assets.xcassets */ = {isa = PBXFileReference; lastKnownFileType = folder.assetcatalog; path = Assets.xcassets; sourceTree = "<group>"; };
		C43FB5D62AF778480016B242 /* Base */ = {isa = PBXFileReference; lastKnownFileType = file.storyboard; name = Base; path = Base.lproj/LaunchScreen.storyboard; sourceTree = "<group>"; };
		C43FB5D82AF778480016B242 /* Info.plist */ = {isa = PBXFileReference; lastKnownFileType = text.plist.xml; path = Info.plist; sourceTree = "<group>"; };
		C43FB5DE2AF7F4670016B242 /* LoginViewController.swift */ = {isa = PBXFileReference; lastKnownFileType = sourcecode.swift; path = LoginViewController.swift; sourceTree = "<group>"; };
		C43FB5E02AF7FCE80016B242 /* NoteListViewController.swift */ = {isa = PBXFileReference; lastKnownFileType = sourcecode.swift; path = NoteListViewController.swift; sourceTree = "<group>"; };
		C43FB5E22AF808BD0016B242 /* AddNoteViewController.swift */ = {isa = PBXFileReference; lastKnownFileType = sourcecode.swift; path = AddNoteViewController.swift; sourceTree = "<group>"; };
		C43FB5E42AF808CF0016B242 /* NoteDetailsViewController.swift */ = {isa = PBXFileReference; lastKnownFileType = sourcecode.swift; path = NoteDetailsViewController.swift; sourceTree = "<group>"; };
		C43FB5E92AF80A7B0016B242 /* NoteModel.swift */ = {isa = PBXFileReference; lastKnownFileType = sourcecode.swift; path = NoteModel.swift; sourceTree = "<group>"; };
		C43FB5EB2AF81FB90016B242 /* NoteCellTableViewCell.swift */ = {isa = PBXFileReference; lastKnownFileType = sourcecode.swift; path = NoteCellTableViewCell.swift; sourceTree = "<group>"; };
/* End PBXFileReference section */

/* Begin PBXFrameworksBuildPhase section */
		C43FB5C42AF778470016B242 /* Frameworks */ = {
			isa = PBXFrameworksBuildPhase;
			buildActionMask = 2147483647;
			files = (
			);
			runOnlyForDeploymentPostprocessing = 0;
		};
/* End PBXFrameworksBuildPhase section */

/* Begin PBXGroup section */
		C43FB5BE2AF778470016B242 = {
			isa = PBXGroup;
			children = (
				C43FB5C92AF778470016B242 /* DataPersistance */,
				C43FB5C82AF778470016B242 /* Products */,
			);
			sourceTree = "<group>";
		};
		C43FB5C82AF778470016B242 /* Products */ = {
			isa = PBXGroup;
			children = (
				C43FB5C72AF778470016B242 /* DataPersistance.app */,
			);
			name = Products;
			sourceTree = "<group>";
		};
		C43FB5C92AF778470016B242 /* DataPersistance */ = {
			isa = PBXGroup;
			children = (
				C43FB5E82AF80A650016B242 /* Models */,
				C43FB5CA2AF778470016B242 /* AppDelegate.swift */,
				C43FB5CC2AF778470016B242 /* SceneDelegate.swift */,
				C43FB5D32AF778480016B242 /* Assets.xcassets */,
				C43FB5D52AF778480016B242 /* LaunchScreen.storyboard */,
				C43FB5D82AF778480016B242 /* Info.plist */,
				C43FB5E72AF809000016B242 /* ViewControllers */,
				C43FB5EB2AF81FB90016B242 /* NoteCellTableViewCell.swift */,
			);
			path = DataPersistance;
			sourceTree = "<group>";
		};
		C43FB5E72AF809000016B242 /* ViewControllers */ = {
			isa = PBXGroup;
			children = (
				C43FB5DE2AF7F4670016B242 /* LoginViewController.swift */,
				C43FB5E02AF7FCE80016B242 /* NoteListViewController.swift */,
				C43FB5E22AF808BD0016B242 /* AddNoteViewController.swift */,
				C43FB5E42AF808CF0016B242 /* NoteDetailsViewController.swift */,
			);
			path = ViewControllers;
			sourceTree = "<group>";
		};
		C43FB5E82AF80A650016B242 /* Models */ = {
			isa = PBXGroup;
			children = (
				C43FB5E92AF80A7B0016B242 /* NoteModel.swift */,
			);
			path = Models;
			sourceTree = "<group>";
		};
/* End PBXGroup section */

/* Begin PBXNativeTarget section */
		C43FB5C62AF778470016B242 /* DataPersistance */ = {
			isa = PBXNativeTarget;
			buildConfigurationList = C43FB5DB2AF778480016B242 /* Build configuration list for PBXNativeTarget "DataPersistance" */;
			buildPhases = (
				C43FB5C32AF778470016B242 /* Sources */,
				C43FB5C42AF778470016B242 /* Frameworks */,
				C43FB5C52AF778470016B242 /* Resources */,
			);
			buildRules = (
			);
			dependencies = (
			);
			name = DataPersistance;
			productName = DataPersistance;
			productReference = C43FB5C72AF778470016B242 /* DataPersistance.app */;
			productType = "com.apple.product-type.application";
		};
/* End PBXNativeTarget section */

/* Begin PBXProject section */
		C43FB5BF2AF778470016B242 /* Project object */ = {
			isa = PBXProject;
			attributes = {
				BuildIndependentTargetsInParallel = 1;
				LastSwiftUpdateCheck = 1500;
				LastUpgradeCheck = 1500;
				TargetAttributes = {
					C43FB5C62AF778470016B242 = {
						CreatedOnToolsVersion = 15.0;
					};
				};
			};
			buildConfigurationList = C43FB5C22AF778470016B242 /* Build configuration list for PBXProject "DataPersistance" */;
			compatibilityVersion = "Xcode 14.0";
			developmentRegion = en;
			hasScannedForEncodings = 0;
			knownRegions = (
				en,
				Base,
			);
			mainGroup = C43FB5BE2AF778470016B242;
			productRefGroup = C43FB5C82AF778470016B242 /* Products */;
			projectDirPath = "";
			projectRoot = "";
			targets = (
				C43FB5C62AF778470016B242 /* DataPersistance */,
			);
		};
/* End PBXProject section */

/* Begin PBXResourcesBuildPhase section */
		C43FB5C52AF778470016B242 /* Resources */ = {
			isa = PBXResourcesBuildPhase;
			buildActionMask = 2147483647;
			files = (
				C43FB5D72AF778480016B242 /* LaunchScreen.storyboard in Resources */,
				C43FB5D42AF778480016B242 /* Assets.xcassets in Resources */,
			);
			runOnlyForDeploymentPostprocessing = 0;
		};
/* End PBXResourcesBuildPhase section */

/* Begin PBXSourcesBuildPhase section */
		C43FB5C32AF778470016B242 /* Sources */ = {
			isa = PBXSourcesBuildPhase;
			buildActionMask = 2147483647;
			files = (
				C43FB5E12AF7FCE80016B242 /* NoteListViewController.swift in Sources */,
				C43FB5DF2AF7F4670016B242 /* LoginViewController.swift in Sources */,
				C43FB5CB2AF778470016B242 /* AppDelegate.swift in Sources */,
				C43FB5EA2AF80A7B0016B242 /* NoteModel.swift in Sources */,
				C43FB5E32AF808BD0016B242 /* AddNoteViewController.swift in Sources */,
				C43FB5CD2AF778470016B242 /* SceneDelegate.swift in Sources */,
				C43FB5E52AF808CF0016B242 /* NoteDetailsViewController.swift in Sources */,
				C43FB5EC2AF81FB90016B242 /* NoteCellTableViewCell.swift in Sources */,
			);
			runOnlyForDeploymentPostprocessing = 0;
		};
/* End PBXSourcesBuildPhase section */

/* Begin PBXVariantGroup section */
		C43FB5D52AF778480016B242 /* LaunchScreen.storyboard */ = {
			isa = PBXVariantGroup;
			children = (
				C43FB5D62AF778480016B242 /* Base */,
			);
			name = LaunchScreen.storyboard;
			sourceTree = "<group>";
		};
/* End PBXVariantGroup section */

/* Begin XCBuildConfiguration section */
		C43FB5D92AF778480016B242 /* Debug */ = {
			isa = XCBuildConfiguration;
			buildSettings = {
				ALWAYS_SEARCH_USER_PATHS = NO;
				ASSETCATALOG_COMPILER_GENERATE_SWIFT_ASSET_SYMBOL_EXTENSIONS = YES;
				CLANG_ANALYZER_NONNULL = YES;
				CLANG_ANALYZER_NUMBER_OBJECT_CONVERSION = YES_AGGRESSIVE;
				CLANG_CXX_LANGUAGE_STANDARD = "gnu++20";
				CLANG_ENABLE_MODULES = YES;
				CLANG_ENABLE_OBJC_ARC = YES;
				CLANG_ENABLE_OBJC_WEAK = YES;
				CLANG_WARN_BLOCK_CAPTURE_AUTORELEASING = YES;
				CLANG_WARN_BOOL_CONVERSION = YES;
				CLANG_WARN_COMMA = YES;
				CLANG_WARN_CONSTANT_CONVERSION = YES;
				CLANG_WARN_DEPRECATED_OBJC_IMPLEMENTATIONS = YES;
				CLANG_WARN_DIRECT_OBJC_ISA_USAGE = YES_ERROR;
				CLANG_WARN_DOCUMENTATION_COMMENTS = YES;
				CLANG_WARN_EMPTY_BODY = YES;
				CLANG_WARN_ENUM_CONVERSION = YES;
				CLANG_WARN_INFINITE_RECURSION = YES;
				CLANG_WARN_INT_CONVERSION = YES;
				CLANG_WARN_NON_LITERAL_NULL_CONVERSION = YES;
				CLANG_WARN_OBJC_IMPLICIT_RETAIN_SELF = YES;
				CLANG_WARN_OBJC_LITERAL_CONVERSION = YES;
				CLANG_WARN_OBJC_ROOT_CLASS = YES_ERROR;
				CLANG_WARN_QUOTED_INCLUDE_IN_FRAMEWORK_HEADER = YES;
				CLANG_WARN_RANGE_LOOP_ANALYSIS = YES;
				CLANG_WARN_STRICT_PROTOTYPES = YES;
				CLANG_WARN_SUSPICIOUS_MOVE = YES;
				CLANG_WARN_UNGUARDED_AVAILABILITY = YES_AGGRESSIVE;
				CLANG_WARN_UNREACHABLE_CODE = YES;
				CLANG_WARN__DUPLICATE_METHOD_MATCH = YES;
				COPY_PHASE_STRIP = NO;
				DEBUG_INFORMATION_FORMAT = dwarf;
				ENABLE_STRICT_OBJC_MSGSEND = YES;
				ENABLE_TESTABILITY = YES;
				ENABLE_USER_SCRIPT_SANDBOXING = YES;
				GCC_C_LANGUAGE_STANDARD = gnu17;
				GCC_DYNAMIC_NO_PIC = NO;
				GCC_NO_COMMON_BLOCKS = YES;
				GCC_OPTIMIZATION_LEVEL = 0;
				GCC_PREPROCESSOR_DEFINITIONS = (
					"DEBUG=1",
					"$(inherited)",
				);
				GCC_WARN_64_TO_32_BIT_CONVERSION = YES;
				GCC_WARN_ABOUT_RETURN_TYPE = YES_ERROR;
				GCC_WARN_UNDECLARED_SELECTOR = YES;
				GCC_WARN_UNINITIALIZED_AUTOS = YES_AGGRESSIVE;
				GCC_WARN_UNUSED_FUNCTION = YES;
				GCC_WARN_UNUSED_VARIABLE = YES;
				IPHONEOS_DEPLOYMENT_TARGET = 17.0;
				LOCALIZATION_PREFERS_STRING_CATALOGS = YES;
				MTL_ENABLE_DEBUG_INFO = INCLUDE_SOURCE;
				MTL_FAST_MATH = YES;
				ONLY_ACTIVE_ARCH = YES;
				SDKROOT = iphoneos;
				SWIFT_ACTIVE_COMPILATION_CONDITIONS = "DEBUG $(inherited)";
				SWIFT_OPTIMIZATION_LEVEL = "-Onone";
			};
			name = Debug;
		};
		C43FB5DA2AF778480016B242 /* Release */ = {
			isa = XCBuildConfiguration;
			buildSettings = {
				ALWAYS_SEARCH_USER_PATHS = NO;
				ASSETCATALOG_COMPILER_GENERATE_SWIFT_ASSET_SYMBOL_EXTENSIONS = YES;
				CLANG_ANALYZER_NONNULL = YES;
				CLANG_ANALYZER_NUMBER_OBJECT_CONVERSION = YES_AGGRESSIVE;
				CLANG_CXX_LANGUAGE_STANDARD = "gnu++20";
				CLANG_ENABLE_MODULES = YES;
				CLANG_ENABLE_OBJC_ARC = YES;
				CLANG_ENABLE_OBJC_WEAK = YES;
				CLANG_WARN_BLOCK_CAPTURE_AUTORELEASING = YES;
				CLANG_WARN_BOOL_CONVERSION = YES;
				CLANG_WARN_COMMA = YES;
				CLANG_WARN_CONSTANT_CONVERSION = YES;
				CLANG_WARN_DEPRECATED_OBJC_IMPLEMENTATIONS = YES;
				CLANG_WARN_DIRECT_OBJC_ISA_USAGE = YES_ERROR;
				CLANG_WARN_DOCUMENTATION_COMMENTS = YES;
				CLANG_WARN_EMPTY_BODY = YES;
				CLANG_WARN_ENUM_CONVERSION = YES;
				CLANG_WARN_INFINITE_RECURSION = YES;
				CLANG_WARN_INT_CONVERSION = YES;
				CLANG_WARN_NON_LITERAL_NULL_CONVERSION = YES;
				CLANG_WARN_OBJC_IMPLICIT_RETAIN_SELF = YES;
				CLANG_WARN_OBJC_LITERAL_CONVERSION = YES;
				CLANG_WARN_OBJC_ROOT_CLASS = YES_ERROR;
				CLANG_WARN_QUOTED_INCLUDE_IN_FRAMEWORK_HEADER = YES;
				CLANG_WARN_RANGE_LOOP_ANALYSIS = YES;
				CLANG_WARN_STRICT_PROTOTYPES = YES;
				CLANG_WARN_SUSPICIOUS_MOVE = YES;
				CLANG_WARN_UNGUARDED_AVAILABILITY = YES_AGGRESSIVE;
				CLANG_WARN_UNREACHABLE_CODE = YES;
				CLANG_WARN__DUPLICATE_METHOD_MATCH = YES;
				COPY_PHASE_STRIP = NO;
				DEBUG_INFORMATION_FORMAT = "dwarf-with-dsym";
				ENABLE_NS_ASSERTIONS = NO;
				ENABLE_STRICT_OBJC_MSGSEND = YES;
				ENABLE_USER_SCRIPT_SANDBOXING = YES;
				GCC_C_LANGUAGE_STANDARD = gnu17;
				GCC_NO_COMMON_BLOCKS = YES;
				GCC_WARN_64_TO_32_BIT_CONVERSION = YES;
				GCC_WARN_ABOUT_RETURN_TYPE = YES_ERROR;
				GCC_WARN_UNDECLARED_SELECTOR = YES;
				GCC_WARN_UNINITIALIZED_AUTOS = YES_AGGRESSIVE;
				GCC_WARN_UNUSED_FUNCTION = YES;
				GCC_WARN_UNUSED_VARIABLE = YES;
				IPHONEOS_DEPLOYMENT_TARGET = 17.0;
				LOCALIZATION_PREFERS_STRING_CATALOGS = YES;
				MTL_ENABLE_DEBUG_INFO = NO;
				MTL_FAST_MATH = YES;
				SDKROOT = iphoneos;
				SWIFT_COMPILATION_MODE = wholemodule;
				VALIDATE_PRODUCT = YES;
			};
			name = Release;
		};
		C43FB5DC2AF778480016B242 /* Debug */ = {
			isa = XCBuildConfiguration;
			buildSettings = {
				ASSETCATALOG_COMPILER_APPICON_NAME = AppIcon;
				ASSETCATALOG_COMPILER_GLOBAL_ACCENT_COLOR_NAME = AccentColor;
				CODE_SIGN_STYLE = Automatic;
				CURRENT_PROJECT_VERSION = 1;
				DEVELOPMENT_TEAM = X825NANUF8;
				GENERATE_INFOPLIST_FILE = YES;
				INFOPLIST_FILE = DataPersistance/Info.plist;
				INFOPLIST_KEY_UIApplicationSupportsIndirectInputEvents = YES;
				INFOPLIST_KEY_UILaunchStoryboardName = LaunchScreen;
				INFOPLIST_KEY_UISupportedInterfaceOrientations_iPad = "UIInterfaceOrientationPortrait UIInterfaceOrientationPortraitUpsideDown UIInterfaceOrientationLandscapeLeft UIInterfaceOrientationLandscapeRight";
				INFOPLIST_KEY_UISupportedInterfaceOrientations_iPhone = "UIInterfaceOrientationPortrait UIInterfaceOrientationLandscapeLeft UIInterfaceOrientationLandscapeRight";
				LD_RUNPATH_SEARCH_PATHS = (
					"$(inherited)",
					"@executable_path/Frameworks",
				);
				MARKETING_VERSION = 1.0;
				PRODUCT_BUNDLE_IDENTIFIER = test.DataPersistance;
				PRODUCT_NAME = "$(TARGET_NAME)";
				SWIFT_EMIT_LOC_STRINGS = YES;
				SWIFT_VERSION = 5.0;
				TARGETED_DEVICE_FAMILY = "1,2";
			};
			name = Debug;
		};
		C43FB5DD2AF778480016B242 /* Release */ = {
			isa = XCBuildConfiguration;
			buildSettings = {
				ASSETCATALOG_COMPILER_APPICON_NAME = AppIcon;
				ASSETCATALOG_COMPILER_GLOBAL_ACCENT_COLOR_NAME = AccentColor;
				CODE_SIGN_STYLE = Automatic;
				CURRENT_PROJECT_VERSION = 1;
				DEVELOPMENT_TEAM = X825NANUF8;
				GENERATE_INFOPLIST_FILE = YES;
				INFOPLIST_FILE = DataPersistance/Info.plist;
				INFOPLIST_KEY_UIApplicationSupportsIndirectInputEvents = YES;
				INFOPLIST_KEY_UILaunchStoryboardName = LaunchScreen;
				INFOPLIST_KEY_UISupportedInterfaceOrientations_iPad = "UIInterfaceOrientationPortrait UIInterfaceOrientationPortraitUpsideDown UIInterfaceOrientationLandscapeLeft UIInterfaceOrientationLandscapeRight";
				INFOPLIST_KEY_UISupportedInterfaceOrientations_iPhone = "UIInterfaceOrientationPortrait UIInterfaceOrientationLandscapeLeft UIInterfaceOrientationLandscapeRight";
				LD_RUNPATH_SEARCH_PATHS = (
					"$(inherited)",
					"@executable_path/Frameworks",
				);
				MARKETING_VERSION = 1.0;
				PRODUCT_BUNDLE_IDENTIFIER = test.DataPersistance;
				PRODUCT_NAME = "$(TARGET_NAME)";
				SWIFT_EMIT_LOC_STRINGS = YES;
				SWIFT_VERSION = 5.0;
				TARGETED_DEVICE_FAMILY = "1,2";
			};
			name = Release;
		};
/* End XCBuildConfiguration section */

/* Begin XCConfigurationList section */
		C43FB5C22AF778470016B242 /* Build configuration list for PBXProject "DataPersistance" */ = {
			isa = XCConfigurationList;
			buildConfigurations = (
				C43FB5D92AF778480016B242 /* Debug */,
				C43FB5DA2AF778480016B242 /* Release */,
			);
			defaultConfigurationIsVisible = 0;
			defaultConfigurationName = Release;
		};
		C43FB5DB2AF778480016B242 /* Build configuration list for PBXNativeTarget "DataPersistance" */ = {
			isa = XCConfigurationList;
			buildConfigurations = (
				C43FB5DC2AF778480016B242 /* Debug */,
				C43FB5DD2AF778480016B242 /* Release */,
			);
			defaultConfigurationIsVisible = 0;
			defaultConfigurationName = Release;
		};
/* End XCConfigurationList section */
	};
	rootObject = C43FB5BF2AF778470016B242 /* Project object */;
}
